
Microsoft Visual Studio Solution File, Format Version 12.00
# Visual Studio Version 17
VisualStudioVersion = 17.11.35312.102
MinimumVisualStudioVersion = 10.0.40219.1
Project("{9A19103F-16F7-4668-BE54-9A1E7A4F7556}") = "NeteaseCloudMusicApi-SDK", "..\NeteaseCloudMusicApi-SDK\NeteaseCloudMusicApi-SDK.csproj", "{45C3FD6B-FED4-425A-B35F-54A13B4AD34E}"
EndProject
Project("{9A19103F-16F7-4668-BE54-9A1E7A4F7556}") = "ApiTester", "..\ApiTester\ApiTester.csproj", "{1FE51FD2-2DB8-4F8E-B4D1-81539234759D}"
EndProject
Project("{9A19103F-16F7-4668-BE54-9A1E7A4F7556}") = "ConsoleApp1", "ConsoleApp1\ConsoleApp1.csproj", "{40BA7015-0BF7-45B4-982D-E87AA1D78234}"
EndProject
Project("{9A19103F-16F7-4668-BE54-9A1E7A4F7556}") = "NeteaseCloudMusicSDK", "NeteaseCloudMusicSDK\NeteaseCloudMusicSDK.csproj", "{793C8A51-AB5F-455F-8F88-7749928BCF8C}"
EndProject
Project("{FAE04EC0-301F-11D3-BF4B-00C04F79EFBC}") = "SDKTestor", "SDKTestor\SDKTestor.csproj", "{52FE9923-18E0-45C2-8358-FCE8485F42E4}"
EndProject
Global
	GlobalSection(SolutionConfigurationPlatforms) = preSolution
		Debug|Any CPU = Debug|Any CPU
		Release|Any CPU = Release|Any CPU
	EndGlobalSection
	GlobalSection(ProjectConfigurationPlatforms) = postSolution
		{45C3FD6B-FED4-425A-B35F-54A13B4AD34E}.Debug|Any CPU.ActiveCfg = Debug|Any CPU
		{45C3FD6B-FED4-425A-B35F-54A13B4AD34E}.Debug|Any CPU.Build.0 = Debug|Any CPU
		{45C3FD6B-FED4-425A-B35F-54A13B4AD34E}.Release|Any CPU.ActiveCfg = Release|Any CPU
		{45C3FD6B-FED4-425A-B35F-54A13B4AD34E}.Release|Any CPU.Build.0 = Release|Any CPU
		{1FE51FD2-2DB8-4F8E-B4D1-81539234759D}.Debug|Any CPU.ActiveCfg = Debug|Any CPU
		{1FE51FD2-2DB8-4F8E-B4D1-81539234759D}.Debug|Any CPU.Build.0 = Debug|Any CPU
		{1FE51FD2-2DB8-4F8E-B4D1-81539234759D}.Release|Any CPU.ActiveCfg = Release|Any CPU
		{1FE51FD2-2DB8-4F8E-B4D1-81539234759D}.Release|Any CPU.Build.0 = Release|Any CPU
		{40BA7015-0BF7-45B4-982D-E87AA1D78234}.Debug|Any CPU.ActiveCfg = Debug|Any CPU
		{40BA7015-0BF7-45B4-982D-E87AA1D78234}.Debug|Any CPU.Build.0 = Debug|Any CPU
		{40BA7015-0BF7-45B4-982D-E87AA1D78234}.Release|Any CPU.ActiveCfg = Release|Any CPU
		{40BA7015-0BF7-45B4-982D-E87AA1D78234}.Release|Any CPU.Build.0 = Release|Any CPU
		{793C8A51-AB5F-455F-8F88-7749928BCF8C}.Debug|Any CPU.ActiveCfg = Debug|Any CPU
		{793C8A51-AB5F-455F-8F88-7749928BCF8C}.Debug|Any CPU.Build.0 = Debug|Any CPU
		{793C8A51-AB5F-455F-8F88-7749928BCF8C}.Release|Any CPU.ActiveCfg = Release|Any CPU
		{793C8A51-AB5F-455F-8F88-7749928BCF8C}.Release|Any CPU.Build.0 = Release|Any CPU
		{52FE9923-18E0-45C2-8358-FCE8485F42E4}.Debug|Any CPU.ActiveCfg = Debug|Any CPU
		{52FE9923-18E0-45C2-8358-FCE8485F42E4}.Debug|Any CPU.Build.0 = Debug|Any CPU
		{52FE9923-18E0-45C2-8358-FCE8485F42E4}.Release|Any CPU.ActiveCfg = Release|Any CPU
		{52FE9923-18E0-45C2-8358-FCE8485F42E4}.Release|Any CPU.Build.0 = Release|Any CPU
	EndGlobalSection
	GlobalSection(SolutionProperties) = preSolution
		HideSolutionNode = FALSE
	EndGlobalSection
	GlobalSection(ExtensibilityGlobals) = postSolution
		SolutionGuid = {B150E7B2-E130-4A78-BFB5-5834660584B2}
	EndGlobalSection
EndGlobal
